// !$*UTF8*$!
{
	archiveVersion = 1;
	classes = {
	};
	objectVersion = 46;
	objects = {

/* Begin PBXBuildFile section */
		492087B01F2694AC00327002 /* AppDelegate.swift in Sources */ = {isa = PBXBuildFile; fileRef = 492087AF1F2694AC00327002 /* AppDelegate.swift */; };
		492087B21F2694AC00327002 /* ViewController.swift in Sources */ = {isa = PBXBuildFile; fileRef = 492087B11F2694AC00327002 /* ViewController.swift */; };
		492087B51F2694AC00327002 /* Main.storyboard in Resources */ = {isa = PBXBuildFile; fileRef = 492087B31F2694AC00327002 /* Main.storyboard */; };
		492087B71F2694AC00327002 /* Assets.xcassets in Resources */ = {isa = PBXBuildFile; fileRef = 492087B61F2694AC00327002 /* Assets.xcassets */; };
		492087BA1F2694AC00327002 /* LaunchScreen.storyboard in Resources */ = {isa = PBXBuildFile; fileRef = 492087B81F2694AC00327002 /* LaunchScreen.storyboard */; };
/* End PBXBuildFile section */

/* Begin PBXFileReference section */
		492087AC1F2694AC00327002 /* Destro.app */ = {isa = PBXFileReference; explicitFileType = wrapper.application; includeInIndex = 0; path = Destro.app; sourceTree = BUILT_PRODUCTS_DIR; };
		492087AF1F2694AC00327002 /* AppDelegate.swift */ = {isa = PBXFileReference; lastKnownFileType = sourcecode.swift; path = AppDelegate.swift; sourceTree = "<group>"; };
		492087B11F2694AC00327002 /* ViewController.swift */ = {isa = PBXFileReference; lastKnownFileType = sourcecode.swift; path = ViewController.swift; sourceTree = "<group>"; };
		492087B41F2694AC00327002 /* Base */ = {isa = PBXFileReference; lastKnownFileType = file.storyboard; name = Base; path = Base.lproj/Main.storyboard; sourceTree = "<group>"; };
		492087B61F2694AC00327002 /* Assets.xcassets */ = {isa = PBXFileReference; lastKnownFileType = folder.assetcatalog; path = Assets.xcassets; sourceTree = "<group>"; };
		492087B91F2694AC00327002 /* Base */ = {isa = PBXFileReference; lastKnownFileType = file.storyboard; name = Base; path = Base.lproj/LaunchScreen.storyboard; sourceTree = "<group>"; };
		492087BB1F2694AC00327002 /* Info.plist */ = {isa = PBXFileReference; lastKnownFileType = text.plist.xml; path = Info.plist; sourceTree = "<group>"; };
/* End PBXFileReference section */

/* Begin PBXFrameworksBuildPhase section */
		492087A91F2694AC00327002 /* Frameworks */ = {
			isa = PBXFrameworksBuildPhase;
			buildActionMask = 2147483647;
			files = (
			);
			runOnlyForDeploymentPostprocessing = 0;
		};
/* End PBXFrameworksBuildPhase section */

/* Begin PBXGroup section */
		492087A31F2694AC00327002 = {
			isa = PBXGroup;
			children = (
				492087AE1F2694AC00327002 /* Destro */,
				492087AD1F2694AC00327002 /* Products */,
			);
			sourceTree = "<group>";
		};
		492087AD1F2694AC00327002 /* Products */ = {
			isa = PBXGroup;
			children = (
				492087AC1F2694AC00327002 /* Destro.app */,
			);
			name = Products;
			sourceTree = "<group>";
		};
		492087AE1F2694AC00327002 /* Destro */ = {
			isa = PBXGroup;
			children = (
				492087AF1F2694AC00327002 /* AppDelegate.swift */,
				492087B11F2694AC00327002 /* ViewController.swift */,
				492087B31F2694AC00327002 /* Main.storyboard */,
				492087B61F2694AC00327002 /* Assets.xcassets */,
				492087B81F2694AC00327002 /* LaunchScreen.storyboard */,
				492087BB1F2694AC00327002 /* Info.plist */,
			);
			path = Destro;
			sourceTree = "<group>";
		};
/* End PBXGroup section */

/* Begin PBXNativeTarget section */
		492087AB1F2694AC00327002 /* Destro */ = {
			isa = PBXNativeTarget;
			buildConfigurationList = 492087BE1F2694AC00327002 /* Build configuration list for PBXNativeTarget "Destro" */;
			buildPhases = (
				492087A81F2694AC00327002 /* Sources */,
				492087A91F2694AC00327002 /* Frameworks */,
				492087AA1F2694AC00327002 /* Resources */,
			);
			buildRules = (
			);
			dependencies = (
			);
			name = Destro;
			productName = Destro;
			productReference = 492087AC1F2694AC00327002 /* Destro.app */;
			productType = "com.apple.product-type.application";
		};
/* End PBXNativeTarget section */

/* Begin PBXProject section */
		492087A41F2694AC00327002 /* Project object */ = {
			isa = PBXProject;
			attributes = {
				LastSwiftUpdateCheck = 0830;
				LastUpgradeCheck = 0830;
				ORGANIZATIONNAME = "Jordan Wolf";
				TargetAttributes = {
					492087AB1F2694AC00327002 = {
						CreatedOnToolsVersion = 8.3.3;
						ProvisioningStyle = Automatic;
					};
				};
			};
			buildConfigurationList = 492087A71F2694AC00327002 /* Build configuration list for PBXProject "Destro" */;
			compatibilityVersion = "Xcode 3.2";
			developmentRegion = English;
			hasScannedForEncodings = 0;
			knownRegions = (
				en,
				Base,
			);
			mainGroup = 492087A31F2694AC00327002;
			productRefGroup = 492087AD1F2694AC00327002 /* Products */;
			projectDirPath = "";
			projectRoot = "";
			targets = (
				492087AB1F2694AC00327002 /* Destro */,
			);
		};
/* End PBXProject section */

/* Begin PBXResourcesBuildPhase section */
		492087AA1F2694AC00327002 /* Resources */ = {
			isa = PBXResourcesBuildPhase;
			buildActionMask = 2147483647;
			files = (
				492087BA1F2694AC00327002 /* LaunchScreen.storyboard in Resources */,
				492087B71F2694AC00327002 /* Assets.xcassets in Resources */,
				492087B51F2694AC00327002 /* Main.storyboard in Resources */,
			);
			runOnlyForDeploymentPostprocessing = 0;
		};
/* End PBXResourcesBuildPhase section */

/* Begin PBXSourcesBuildPhase section */
		492087A81F2694AC00327002 /* Sources */ = {
			isa = PBXSourcesBuildPhase;
			buildActionMask = 2147483647;
			files = (
				492087B21F2694AC00327002 /* ViewController.swift in Sources */,
				492087B01F2694AC00327002 /* AppDelegate.swift in Sources */,
			);
			runOnlyForDeploymentPostprocessing = 0;
		};
/* End PBXSourcesBuildPhase section */

/* Begin PBXVariantGroup section */
		492087B31F2694AC00327002 /* Main.storyboard */ = {
			isa = PBXVariantGroup;
			children = (
				492087B41F2694AC00327002 /* Base */,
			);
			name = Main.storyboard;
			sourceTree = "<group>";
		};
		492087B81F2694AC00327002 /* LaunchScreen.storyboard */ = {
			isa = PBXVariantGroup;
			children = (
				492087B91F2694AC00327002 /* Base */,
			);
			name = LaunchScreen.storyboard;
			sourceTree = "<group>";
		};
/* End PBXVariantGroup section */

/* Begin XCBuildConfiguration section */
		492087BC1F2694AC00327002 /* Debug */ = {
			isa = XCBuildConfiguration;
			buildSettings = {
				ALWAYS_SEARCH_USER_PATHS = NO;
				CLANG_ANALYZER_NONNULL = YES;
				CLANG_ANALYZER_NUMBER_OBJECT_CONVERSION = YES_AGGRESSIVE;
				CLANG_CXX_LANGUAGE_STANDARD = "gnu++0x";
				CLANG_CXX_LIBRARY = "libc++";
				CLANG_ENABLE_MODULES = YES;
				CLANG_ENABLE_OBJC_ARC = YES;
				CLANG_WARN_BOOL_CONVERSION = YES;
				CLANG_WARN_CONSTANT_CONVERSION = YES;
				CLANG_WARN_DIRECT_OBJC_ISA_USAGE = YES_ERROR;
				CLANG_WARN_DOCUMENTATION_COMMENTS = YES;
				CLANG_WARN_EMPTY_BODY = YES;
				CLANG_WARN_ENUM_CONVERSION = YES;
				CLANG_WARN_INFINITE_RECURSION = YES;
				CLANG_WARN_INT_CONVERSION = YES;
				CLANG_WARN_OBJC_ROOT_CLASS = YES_ERROR;
				CLANG_WARN_SUSPICIOUS_MOVE = YES;
				CLANG_WARN_UNREACHABLE_CODE = YES;
				CLANG_WARN__DUPLICATE_METHOD_MATCH = YES;
				"CODE_SIGN_IDENTITY[sdk=iphoneos*]" = "iPhone Developer";
				COPY_PHASE_STRIP = NO;
				DEBUG_INFORMATION_FORMAT = dwarf;
				ENABLE_STRICT_OBJC_MSGSEND = YES;
				ENABLE_TESTABILITY = YES;
				GCC_C_LANGUAGE_STANDARD = gnu99;
				GCC_DYNAMIC_NO_PIC = NO;
				GCC_NO_COMMON_BLOCKS = YES;
				GCC_OPTIMIZATION_LEVEL = 0;
				GCC_PREPROCESSOR_DEFINITIONS = (
					"DEBUG=1",
					"$(inherited)",
				);
				GCC_WARN_64_TO_32_BIT_CONVERSION = YES;
				GCC_WARN_ABOUT_RETURN_TYPE = YES_ERROR;
				GCC_WARN_UNDECLARED_SELECTOR = YES;
				GCC_WARN_UNINITIALIZED_AUTOS = YES_AGGRESSIVE;
				GCC_WARN_UNUSED_FUNCTION = YES;
				GCC_WARN_UNUSED_VARIABLE = YES;
				IPHONEOS_DEPLOYMENT_TARGET = 10.3;
				MTL_ENABLE_DEBUG_INFO = YES;
				ONLY_ACTIVE_ARCH = YES;
				SDKROOT = iphoneos;
				SWIFT_ACTIVE_COMPILATION_CONDITIONS = DEBUG;
				SWIFT_OPTIMIZATION_LEVEL = "-Onone";
				TARGETED_DEVICE_FAMILY = "1,2";
			};
			name = Debug;
		};
		492087BD1F2694AC00327002 /* Release */ = {
			isa = XCBuildConfiguration;
			buildSettings = {
				ALWAYS_SEARCH_USER_PATHS = NO;
				CLANG_ANALYZER_NONNULL = YES;
				CLANG_ANALYZER_NUMBER_OBJECT_CONVERSION = YES_AGGRESSIVE;
				CLANG_CXX_LANGUAGE_STANDARD = "gnu++0x";
				CLANG_CXX_LIBRARY = "libc++";
				CLANG_ENABLE_MODULES = YES;
				CLANG_ENABLE_OBJC_ARC = YES;
				CLANG_WARN_BOOL_CONVERSION = YES;
				CLANG_WARN_CONSTANT_CONVERSION = YES;
				CLANG_WARN_DIRECT_OBJC_ISA_USAGE = YES_ERROR;
				CLANG_WARN_DOCUMENTATION_COMMENTS = YES;
				CLANG_WARN_EMPTY_BODY = YES;
				CLANG_WARN_ENUM_CONVERSION = YES;
				CLANG_WARN_INFINITE_RECURSION = YES;
				CLANG_WARN_INT_CONVERSION = YES;
				CLANG_WARN_OBJC_ROOT_CLASS = YES_ERROR;
				CLANG_WARN_SUSPICIOUS_MOVE = YES;
				CLANG_WARN_UNREACHABLE_CODE = YES;
				CLANG_WARN__DUPLICATE_METHOD_MATCH = YES;
				"CODE_SIGN_IDENTITY[sdk=iphoneos*]" = "iPhone Developer";
				COPY_PHASE_STRIP = NO;
				DEBUG_INFORMATION_FORMAT = "dwarf-with-dsym";
				ENABLE_NS_ASSERTIONS = NO;
				ENABLE_STRICT_OBJC_MSGSEND = YES;
				GCC_C_LANGUAGE_STANDARD = gnu99;
				GCC_NO_COMMON_BLOCKS = YES;
				GCC_WARN_64_TO_32_BIT_CONVERSION = YES;
				GCC_WARN_ABOUT_RETURN_TYPE = YES_ERROR;
				GCC_WARN_UNDECLARED_SELECTOR = YES;
				GCC_WARN_UNINITIALIZED_AUTOS = YES_AGGRESSIVE;
				GCC_WARN_UNUSED_FUNCTION = YES;
				GCC_WARN_UNUSED_VARIABLE = YES;
				IPHONEOS_DEPLOYMENT_TARGET = 10.3;
				MTL_ENABLE_DEBUG_INFO = NO;
				SDKROOT = iphoneos;
				SWIFT_OPTIMIZATION_LEVEL = "-Owholemodule";
				TARGETED_DEVICE_FAMILY = "1,2";
				VALIDATE_PRODUCT = YES;
			};
			name = Release;
		};
		492087BF1F2694AC00327002 /* Debug */ = {
			isa = XCBuildConfiguration;
			buildSettings = {
				ASSETCATALOG_COMPILER_APPICON_NAME = AppIcon;
				INFOPLIST_FILE = Destro/Info.plist;
				LD_RUNPATH_SEARCH_PATHS = "$(inherited) @executable_path/Frameworks";
				PRODUCT_BUNDLE_IDENTIFIER = com.Jordan.Destro;
				PRODUCT_NAME = "$(TARGET_NAME)";
				SWIFT_VERSION = 3.0;
			};
			name = Debug;
		};
		492087C01F2694AC00327002 /* Release */ = {
			isa = XCBuildConfiguration;
			buildSettings = {
				ASSETCATALOG_COMPILER_APPICON_NAME = AppIcon;
				INFOPLIST_FILE = Destro/Info.plist;
				LD_RUNPATH_SEARCH_PATHS = "$(inherited) @executable_path/Frameworks";
				PRODUCT_BUNDLE_IDENTIFIER = com.Jordan.Destro;
				PRODUCT_NAME = "$(TARGET_NAME)";
				SWIFT_VERSION = 3.0;
			};
			name = Release;
		};
/* End XCBuildConfiguration section */

/* Begin XCConfigurationList section */
		492087A71F2694AC00327002 /* Build configuration list for PBXProject "Destro" */ = {
			isa = XCConfigurationList;
			buildConfigurations = (
				492087BC1F2694AC00327002 /* Debug */,
				492087BD1F2694AC00327002 /* Release */,
			);
			defaultConfigurationIsVisible = 0;
			defaultConfigurationName = Release;
		};
		492087BE1F2694AC00327002 /* Build configuration list for PBXNativeTarget "Destro" */ = {
			isa = XCConfigurationList;
			buildConfigurations = (
				492087BF1F2694AC00327002 /* Debug */,
				492087C01F2694AC00327002 /* Release */,
			);
			defaultConfigurationIsVisible = 0;
		};
/* End XCConfigurationList section */
	};
	rootObject = 492087A41F2694AC00327002 /* Project object */;
}
